{
  "name": "bikeshed-to-json-webgpu",
  "version": "1.0.0",
  "lockfileVersion": 3,
  "requires": true,
  "packages": {
    "": {
      "name": "bikeshed-to-json-webgpu",
      "version": "1.0.0",
      "license": "ISC",
      "dependencies": {
        "bikeshed-to-json": "github:EmilSV/bikeshed-to-json"
      }
    },
    "node_modules/@types/node": {
      "version": "20.17.3",
      "resolved": "https://registry.npmjs.org/@types/node/-/node-20.17.3.tgz",
      "integrity": "sha512-tSQrmKKatLDGnG92h40GD7FzUt0MjahaHwOME4VAFeeA/Xopayq5qLyQRy7Jg/pjgKIFBXuKcGhJo+UdYG55jQ==",
      "license": "MIT",
      "dependencies": {
        "undici-types": "~6.19.2"
      }
    },
    "node_modules/@types/webidl2": {
      "version": "24.4.3",
      "resolved": "https://registry.npmjs.org/@types/webidl2/-/webidl2-24.4.3.tgz",
      "integrity": "sha512-Rn7VaRM3TmzA3nPgwSOqC8MGzzY2W8J7f0IPEf2g5Ga0e6jCsuLRHF+O0gywp3gh37IE/quCWCbNDTwAdKeFKw==",
      "license": "MIT"
    },
    "node_modules/bikeshed-to-json": {
      "version": "1.0.0",
      "resolved": "git+ssh://git@github.com/EmilSV/bikeshed-to-json.git#22ba0bfa20a06cc4c7f6dc350a0c9a9fa5518dc0",
      "hasInstallScript": true,
      "license": "MIT",
      "dependencies": {
        "@types/node": "^20.14.11",
        "@types/webidl2": "^24.4.3",
        "typescript": "^5.5.3",
        "webidl2": "^24.4.1"
      }
    },
    "node_modules/typescript": {
      "version": "5.6.3",
      "resolved": "https://registry.npmjs.org/typescript/-/typescript-5.6.3.tgz",
      "integrity": "sha512-hjcS1mhfuyi4WW8IWtjP7brDrG2cuDZukyrYrSauoXGNgx0S7zceP07adYkJycEr56BOUTNPzbInooiN3fn1qw==",
      "license": "Apache-2.0",
      "bin": {
        "tsc": "bin/tsc",
        "tsserver": "bin/tsserver"
      },
      "engines": {
        "node": ">=14.17"
      }
    },
    "node_modules/undici-types": {
      "version": "6.19.8",
      "resolved": "https://registry.npmjs.org/undici-types/-/undici-types-6.19.8.tgz",
      "integrity": "sha512-ve2KP6f/JnbPBFyobGHuerC9g1FYGn/F8n1LWTwNxCEzd6IfqTwUQcNXgEtmmQ6DlRrC1hrSrBnCZPokRrDHjw==",
      "license": "MIT"
    },
    "node_modules/webidl2": {
      "version": "24.4.1",
      "resolved": "https://registry.npmjs.org/webidl2/-/webidl2-24.4.1.tgz",
      "integrity": "sha512-cPToqvZlxTAlaMucZyU28XtFLJz3XPdTdIWK/r3IaP1jfkjqne3OTniJS8DZqfzee1aBUQn80d6s2vYert50kg==",
      "license": "W3C",
      "engines": {
        "node": ">= 14"
      }
    }
  }
}
